// !$*UTF8*$!
{
	archiveVersion = 1;
	classes = {
	};
	objectVersion = 46;
	objects = {

/* Begin PBXBuildFile section */
		EB12D24D1D2371A100BA1A9C /* AppDelegate.swift in Sources */ = {isa = PBXBuildFile; fileRef = EB12D24C1D2371A100BA1A9C /* AppDelegate.swift */; };
		EB12D24F1D2371A100BA1A9C /* ViewController.swift in Sources */ = {isa = PBXBuildFile; fileRef = EB12D24E1D2371A100BA1A9C /* ViewController.swift */; };
		EB12D2521D2371A100BA1A9C /* Main.storyboard in Resources */ = {isa = PBXBuildFile; fileRef = EB12D2501D2371A100BA1A9C /* Main.storyboard */; };
		EB12D2541D2371A100BA1A9C /* Assets.xcassets in Resources */ = {isa = PBXBuildFile; fileRef = EB12D2531D2371A100BA1A9C /* Assets.xcassets */; };
		EB12D2571D2371A100BA1A9C /* LaunchScreen.storyboard in Resources */ = {isa = PBXBuildFile; fileRef = EB12D2551D2371A100BA1A9C /* LaunchScreen.storyboard */; };
		EB2FC4DB1D24202A00BE9ABD /* Minecraft.ttf in Resources */ = {isa = PBXBuildFile; fileRef = EB2FC4DA1D24202A00BE9ABD /* Minecraft.ttf */; };
/* End PBXBuildFile section */

/* Begin PBXFileReference section */
		EB12D2491D2371A100BA1A9C /* calculator.app */ = {isa = PBXFileReference; explicitFileType = wrapper.application; includeInIndex = 0; path = calculator.app; sourceTree = BUILT_PRODUCTS_DIR; };
		EB12D24C1D2371A100BA1A9C /* AppDelegate.swift */ = {isa = PBXFileReference; lastKnownFileType = sourcecode.swift; path = AppDelegate.swift; sourceTree = "<group>"; };
		EB12D24E1D2371A100BA1A9C /* ViewController.swift */ = {isa = PBXFileReference; lastKnownFileType = sourcecode.swift; path = ViewController.swift; sourceTree = "<group>"; };
		EB12D2511D2371A100BA1A9C /* Base */ = {isa = PBXFileReference; lastKnownFileType = file.storyboard; name = Base; path = Base.lproj/Main.storyboard; sourceTree = "<group>"; };
		EB12D2531D2371A100BA1A9C /* Assets.xcassets */ = {isa = PBXFileReference; lastKnownFileType = folder.assetcatalog; path = Assets.xcassets; sourceTree = "<group>"; };
		EB12D2561D2371A100BA1A9C /* Base */ = {isa = PBXFileReference; lastKnownFileType = file.storyboard; name = Base; path = Base.lproj/LaunchScreen.storyboard; sourceTree = "<group>"; };
		EB12D2581D2371A100BA1A9C /* Info.plist */ = {isa = PBXFileReference; lastKnownFileType = text.plist.xml; path = Info.plist; sourceTree = "<group>"; };
		EB2FC4DA1D24202A00BE9ABD /* Minecraft.ttf */ = {isa = PBXFileReference; lastKnownFileType = file; path = Minecraft.ttf; sourceTree = "<group>"; };
/* End PBXFileReference section */

/* Begin PBXFrameworksBuildPhase section */
		EB12D2461D2371A100BA1A9C /* Frameworks */ = {
			isa = PBXFrameworksBuildPhase;
			buildActionMask = 2147483647;
			files = (
			);
			runOnlyForDeploymentPostprocessing = 0;
		};
/* End PBXFrameworksBuildPhase section */

/* Begin PBXGroup section */
		EB12D2401D2371A100BA1A9C = {
			isa = PBXGroup;
			children = (
				EB12D24B1D2371A100BA1A9C /* calculator */,
				EB12D24A1D2371A100BA1A9C /* Products */,
			);
			sourceTree = "<group>";
		};
		EB12D24A1D2371A100BA1A9C /* Products */ = {
			isa = PBXGroup;
			children = (
				EB12D2491D2371A100BA1A9C /* calculator.app */,
			);
			name = Products;
			sourceTree = "<group>";
		};
		EB12D24B1D2371A100BA1A9C /* calculator */ = {
			isa = PBXGroup;
			children = (
				EB2FC4DA1D24202A00BE9ABD /* Minecraft.ttf */,
				EB12D24C1D2371A100BA1A9C /* AppDelegate.swift */,
				EB12D24E1D2371A100BA1A9C /* ViewController.swift */,
				EB12D2501D2371A100BA1A9C /* Main.storyboard */,
				EB12D2531D2371A100BA1A9C /* Assets.xcassets */,
				EB12D2551D2371A100BA1A9C /* LaunchScreen.storyboard */,
				EB12D2581D2371A100BA1A9C /* Info.plist */,
			);
			path = calculator;
			sourceTree = "<group>";
		};
/* End PBXGroup section */

/* Begin PBXNativeTarget section */
		EB12D2481D2371A100BA1A9C /* calculator */ = {
			isa = PBXNativeTarget;
			buildConfigurationList = EB12D25B1D2371A100BA1A9C /* Build configuration list for PBXNativeTarget "calculator" */;
			buildPhases = (
				EB12D2451D2371A100BA1A9C /* Sources */,
				EB12D2461D2371A100BA1A9C /* Frameworks */,
				EB12D2471D2371A100BA1A9C /* Resources */,
			);
			buildRules = (
			);
			dependencies = (
			);
			name = calculator;
			productName = calculator;
			productReference = EB12D2491D2371A100BA1A9C /* calculator.app */;
			productType = "com.apple.product-type.application";
		};
/* End PBXNativeTarget section */

/* Begin PBXProject section */
		EB12D2411D2371A100BA1A9C /* Project object */ = {
			isa = PBXProject;
			attributes = {
				LastSwiftUpdateCheck = 0730;
				LastUpgradeCheck = 0730;
				ORGANIZATIONNAME = HienTran;
				TargetAttributes = {
					EB12D2481D2371A100BA1A9C = {
						CreatedOnToolsVersion = 7.3.1;
						DevelopmentTeam = MXE9N2LLEZ;
					};
				};
			};
			buildConfigurationList = EB12D2441D2371A100BA1A9C /* Build configuration list for PBXProject "calculator" */;
			compatibilityVersion = "Xcode 3.2";
			developmentRegion = English;
			hasScannedForEncodings = 0;
			knownRegions = (
				en,
				Base,
			);
			mainGroup = EB12D2401D2371A100BA1A9C;
			productRefGroup = EB12D24A1D2371A100BA1A9C /* Products */;
			projectDirPath = "";
			projectRoot = "";
			targets = (
				EB12D2481D2371A100BA1A9C /* calculator */,
			);
		};
/* End PBXProject section */

/* Begin PBXResourcesBuildPhase section */
		EB12D2471D2371A100BA1A9C /* Resources */ = {
			isa = PBXResourcesBuildPhase;
			buildActionMask = 2147483647;
			files = (
				EB12D2571D2371A100BA1A9C /* LaunchScreen.storyboard in Resources */,
				EB12D2541D2371A100BA1A9C /* Assets.xcassets in Resources */,
				EB2FC4DB1D24202A00BE9ABD /* Minecraft.ttf in Resources */,
				EB12D2521D2371A100BA1A9C /* Main.storyboard in Resources */,
			);
			runOnlyForDeploymentPostprocessing = 0;
		};
/* End PBXResourcesBuildPhase section */

/* Begin PBXSourcesBuildPhase section */
		EB12D2451D2371A100BA1A9C /* Sources */ = {
			isa = PBXSourcesBuildPhase;
			buildActionMask = 2147483647;
			files = (
				EB12D24F1D2371A100BA1A9C /* ViewController.swift in Sources */,
				EB12D24D1D2371A100BA1A9C /* AppDelegate.swift in Sources */,
			);
			runOnlyForDeploymentPostprocessing = 0;
		};
/* End PBXSourcesBuildPhase section */

/* Begin PBXVariantGroup section */
		EB12D2501D2371A100BA1A9C /* Main.storyboard */ = {
			isa = PBXVariantGroup;
			children = (
				EB12D2511D2371A100BA1A9C /* Base */,
			);
			name = Main.storyboard;
			sourceTree = "<group>";
		};
		EB12D2551D2371A100BA1A9C /* LaunchScreen.storyboard */ = {
			isa = PBXVariantGroup;
			children = (
				EB12D2561D2371A100BA1A9C /* Base */,
			);
			name = LaunchScreen.storyboard;
			sourceTree = "<group>";
		};
/* End PBXVariantGroup section */

/* Begin XCBuildConfiguration section */
		EB12D2591D2371A100BA1A9C /* Debug */ = {
			isa = XCBuildConfiguration;
			buildSettings = {
				ALWAYS_SEARCH_USER_PATHS = NO;
				CLANG_ANALYZER_NONNULL = YES;
				CLANG_CXX_LANGUAGE_STANDARD = "gnu++0x";
				CLANG_CXX_LIBRARY = "libc++";
				CLANG_ENABLE_MODULES = YES;
				CLANG_ENABLE_OBJC_ARC = YES;
				CLANG_WARN_BOOL_CONVERSION = YES;
				CLANG_WARN_CONSTANT_CONVERSION = YES;
				CLANG_WARN_DIRECT_OBJC_ISA_USAGE = YES_ERROR;
				CLANG_WARN_EMPTY_BODY = YES;
				CLANG_WARN_ENUM_CONVERSION = YES;
				CLANG_WARN_INT_CONVERSION = YES;
				CLANG_WARN_OBJC_ROOT_CLASS = YES_ERROR;
				CLANG_WARN_UNREACHABLE_CODE = YES;
				CLANG_WARN__DUPLICATE_METHOD_MATCH = YES;
				"CODE_SIGN_IDENTITY[sdk=iphoneos*]" = "iPhone Developer";
				COPY_PHASE_STRIP = NO;
				DEBUG_INFORMATION_FORMAT = dwarf;
				ENABLE_STRICT_OBJC_MSGSEND = YES;
				ENABLE_TESTABILITY = YES;
				GCC_C_LANGUAGE_STANDARD = gnu99;
				GCC_DYNAMIC_NO_PIC = NO;
				GCC_NO_COMMON_BLOCKS = YES;
				GCC_OPTIMIZATION_LEVEL = 0;
				GCC_PREPROCESSOR_DEFINITIONS = (
					"DEBUG=1",
					"$(inherited)",
				);
				GCC_WARN_64_TO_32_BIT_CONVERSION = YES;
				GCC_WARN_ABOUT_RETURN_TYPE = YES_ERROR;
				GCC_WARN_UNDECLARED_SELECTOR = YES;
				GCC_WARN_UNINITIALIZED_AUTOS = YES_AGGRESSIVE;
				GCC_WARN_UNUSED_FUNCTION = YES;
				GCC_WARN_UNUSED_VARIABLE = YES;
				IPHONEOS_DEPLOYMENT_TARGET = 9.3;
				MTL_ENABLE_DEBUG_INFO = YES;
				ONLY_ACTIVE_ARCH = YES;
				SDKROOT = iphoneos;
				SWIFT_OPTIMIZATION_LEVEL = "-Onone";
			};
			name = Debug;
		};
		EB12D25A1D2371A100BA1A9C /* Release */ = {
			isa = XCBuildConfiguration;
			buildSettings = {
				ALWAYS_SEARCH_USER_PATHS = NO;
				CLANG_ANALYZER_NONNULL = YES;
				CLANG_CXX_LANGUAGE_STANDARD = "gnu++0x";
				CLANG_CXX_LIBRARY = "libc++";
				CLANG_ENABLE_MODULES = YES;
				CLANG_ENABLE_OBJC_ARC = YES;
				CLANG_WARN_BOOL_CONVERSION = YES;
				CLANG_WARN_CONSTANT_CONVERSION = YES;
				CLANG_WARN_DIRECT_OBJC_ISA_USAGE = YES_ERROR;
				CLANG_WARN_EMPTY_BODY = YES;
				CLANG_WARN_ENUM_CONVERSION = YES;
				CLANG_WARN_INT_CONVERSION = YES;
				CLANG_WARN_OBJC_ROOT_CLASS = YES_ERROR;
				CLANG_WARN_UNREACHABLE_CODE = YES;
				CLANG_WARN__DUPLICATE_METHOD_MATCH = YES;
				"CODE_SIGN_IDENTITY[sdk=iphoneos*]" = "iPhone Developer";
				COPY_PHASE_STRIP = NO;
				DEBUG_INFORMATION_FORMAT = "dwarf-with-dsym";
				ENABLE_NS_ASSERTIONS = NO;
				ENABLE_STRICT_OBJC_MSGSEND = YES;
				GCC_C_LANGUAGE_STANDARD = gnu99;
				GCC_NO_COMMON_BLOCKS = YES;
				GCC_WARN_64_TO_32_BIT_CONVERSION = YES;
				GCC_WARN_ABOUT_RETURN_TYPE = YES_ERROR;
				GCC_WARN_UNDECLARED_SELECTOR = YES;
				GCC_WARN_UNINITIALIZED_AUTOS = YES_AGGRESSIVE;
				GCC_WARN_UNUSED_FUNCTION = YES;
				GCC_WARN_UNUSED_VARIABLE = YES;
				IPHONEOS_DEPLOYMENT_TARGET = 9.3;
				MTL_ENABLE_DEBUG_INFO = NO;
				SDKROOT = iphoneos;
				VALIDATE_PRODUCT = YES;
			};
			name = Release;
		};
		EB12D25C1D2371A100BA1A9C /* Debug */ = {
			isa = XCBuildConfiguration;
			buildSettings = {
				ASSETCATALOG_COMPILER_APPICON_NAME = AppIcon;
				INFOPLIST_FILE = calculator/Info.plist;
				LD_RUNPATH_SEARCH_PATHS = "$(inherited) @executable_path/Frameworks";
				PRODUCT_BUNDLE_IDENTIFIER = com.hientran.calculator;
				PRODUCT_NAME = "$(TARGET_NAME)";
			};
			name = Debug;
		};
		EB12D25D1D2371A100BA1A9C /* Release */ = {
			isa = XCBuildConfiguration;
			buildSettings = {
				ASSETCATALOG_COMPILER_APPICON_NAME = AppIcon;
				INFOPLIST_FILE = calculator/Info.plist;
				LD_RUNPATH_SEARCH_PATHS = "$(inherited) @executable_path/Frameworks";
				PRODUCT_BUNDLE_IDENTIFIER = com.hientran.calculator;
				PRODUCT_NAME = "$(TARGET_NAME)";
			};
			name = Release;
		};
/* End XCBuildConfiguration section */

/* Begin XCConfigurationList section */
		EB12D2441D2371A100BA1A9C /* Build configuration list for PBXProject "calculator" */ = {
			isa = XCConfigurationList;
			buildConfigurations = (
				EB12D2591D2371A100BA1A9C /* Debug */,
				EB12D25A1D2371A100BA1A9C /* Release */,
			);
			defaultConfigurationIsVisible = 0;
			defaultConfigurationName = Release;
		};
		EB12D25B1D2371A100BA1A9C /* Build configuration list for PBXNativeTarget "calculator" */ = {
			isa = XCConfigurationList;
			buildConfigurations = (
				EB12D25C1D2371A100BA1A9C /* Debug */,
				EB12D25D1D2371A100BA1A9C /* Release */,
			);
			defaultConfigurationIsVisible = 0;
			defaultConfigurationName = Release;
		};
/* End XCConfigurationList section */
	};
	rootObject = EB12D2411D2371A100BA1A9C /* Project object */;
}
